// !$*UTF8*$!
{
	archiveVersion = 1;
	classes = {
	};
	objectVersion = 50;
	objects = {

/* Begin PBXBuildFile section */
		A07FD4AF210BFE2900CD3287 /* AppDelegate.swift in Sources */ = {isa = PBXBuildFile; fileRef = A07FD4AE210BFE2900CD3287 /* AppDelegate.swift */; };
		A07FD4B1210BFE2900CD3287 /* EmojiViewController.swift in Sources */ = {isa = PBXBuildFile; fileRef = A07FD4B0210BFE2900CD3287 /* EmojiViewController.swift */; };
		A07FD4B4210BFE2900CD3287 /* Main.storyboard in Resources */ = {isa = PBXBuildFile; fileRef = A07FD4B2210BFE2900CD3287 /* Main.storyboard */; };
		A07FD4B6210BFE2C00CD3287 /* Assets.xcassets in Resources */ = {isa = PBXBuildFile; fileRef = A07FD4B5210BFE2C00CD3287 /* Assets.xcassets */; };
		A07FD4B9210BFE2C00CD3287 /* LaunchScreen.storyboard in Resources */ = {isa = PBXBuildFile; fileRef = A07FD4B7210BFE2C00CD3287 /* LaunchScreen.storyboard */; };
		A07FD4C1210C04B200CD3287 /* EmojiCollectionViewCell.swift in Sources */ = {isa = PBXBuildFile; fileRef = A07FD4C0210C04B200CD3287 /* EmojiCollectionViewCell.swift */; };
/* End PBXBuildFile section */

/* Begin PBXFileReference section */
		A07FD4AB210BFE2900CD3287 /* Emoji Party.app */ = {isa = PBXFileReference; explicitFileType = wrapper.application; includeInIndex = 0; path = "Emoji Party.app"; sourceTree = BUILT_PRODUCTS_DIR; };
		A07FD4AE210BFE2900CD3287 /* AppDelegate.swift */ = {isa = PBXFileReference; lastKnownFileType = sourcecode.swift; path = AppDelegate.swift; sourceTree = "<group>"; };
		A07FD4B0210BFE2900CD3287 /* EmojiViewController.swift */ = {isa = PBXFileReference; lastKnownFileType = sourcecode.swift; path = EmojiViewController.swift; sourceTree = "<group>"; };
		A07FD4B3210BFE2900CD3287 /* Base */ = {isa = PBXFileReference; lastKnownFileType = file.storyboard; name = Base; path = Base.lproj/Main.storyboard; sourceTree = "<group>"; };
		A07FD4B5210BFE2C00CD3287 /* Assets.xcassets */ = {isa = PBXFileReference; lastKnownFileType = folder.assetcatalog; path = Assets.xcassets; sourceTree = "<group>"; };
		A07FD4B8210BFE2C00CD3287 /* Base */ = {isa = PBXFileReference; lastKnownFileType = file.storyboard; name = Base; path = Base.lproj/LaunchScreen.storyboard; sourceTree = "<group>"; };
		A07FD4BA210BFE2C00CD3287 /* Info.plist */ = {isa = PBXFileReference; lastKnownFileType = text.plist.xml; path = Info.plist; sourceTree = "<group>"; };
		A07FD4C0210C04B200CD3287 /* EmojiCollectionViewCell.swift */ = {isa = PBXFileReference; lastKnownFileType = sourcecode.swift; path = EmojiCollectionViewCell.swift; sourceTree = "<group>"; };
/* End PBXFileReference section */

/* Begin PBXFrameworksBuildPhase section */
		A07FD4A8210BFE2900CD3287 /* Frameworks */ = {
			isa = PBXFrameworksBuildPhase;
			buildActionMask = 2147483647;
			files = (
			);
			runOnlyForDeploymentPostprocessing = 0;
		};
/* End PBXFrameworksBuildPhase section */

/* Begin PBXGroup section */
		A07FD4A2210BFE2900CD3287 = {
			isa = PBXGroup;
			children = (
				A07FD4AD210BFE2900CD3287 /* Emoji Party */,
				A07FD4AC210BFE2900CD3287 /* Products */,
			);
			sourceTree = "<group>";
		};
		A07FD4AC210BFE2900CD3287 /* Products */ = {
			isa = PBXGroup;
			children = (
				A07FD4AB210BFE2900CD3287 /* Emoji Party.app */,
			);
			name = Products;
			sourceTree = "<group>";
		};
		A07FD4AD210BFE2900CD3287 /* Emoji Party */ = {
			isa = PBXGroup;
			children = (
				A07FD4AE210BFE2900CD3287 /* AppDelegate.swift */,
				A07FD4B0210BFE2900CD3287 /* EmojiViewController.swift */,
				A07FD4B2210BFE2900CD3287 /* Main.storyboard */,
				A07FD4C0210C04B200CD3287 /* EmojiCollectionViewCell.swift */,
				A07FD4B5210BFE2C00CD3287 /* Assets.xcassets */,
				A07FD4B7210BFE2C00CD3287 /* LaunchScreen.storyboard */,
				A07FD4BA210BFE2C00CD3287 /* Info.plist */,
			);
			path = "Emoji Party";
			sourceTree = "<group>";
		};
/* End PBXGroup section */

/* Begin PBXNativeTarget section */
		A07FD4AA210BFE2900CD3287 /* Emoji Party */ = {
			isa = PBXNativeTarget;
			buildConfigurationList = A07FD4BD210BFE2C00CD3287 /* Build configuration list for PBXNativeTarget "Emoji Party" */;
			buildPhases = (
				A07FD4A7210BFE2900CD3287 /* Sources */,
				A07FD4A8210BFE2900CD3287 /* Frameworks */,
				A07FD4A9210BFE2900CD3287 /* Resources */,
			);
			buildRules = (
			);
			dependencies = (
			);
			name = "Emoji Party";
			productName = "Emoji Party";
			productReference = A07FD4AB210BFE2900CD3287 /* Emoji Party.app */;
			productType = "com.apple.product-type.application";
		};
/* End PBXNativeTarget section */

/* Begin PBXProject section */
		A07FD4A3210BFE2900CD3287 /* Project object */ = {
			isa = PBXProject;
			attributes = {
				LastSwiftUpdateCheck = 1000;
				LastUpgradeCheck = 1000;
				ORGANIZATIONNAME = "Rui Yang Tan";
				TargetAttributes = {
					A07FD4AA210BFE2900CD3287 = {
						CreatedOnToolsVersion = 10.0;
					};
				};
			};
			buildConfigurationList = A07FD4A6210BFE2900CD3287 /* Build configuration list for PBXProject "Emoji Party" */;
			compatibilityVersion = "Xcode 9.3";
			developmentRegion = en;
			hasScannedForEncodings = 0;
			knownRegions = (
				en,
				Base,
			);
			mainGroup = A07FD4A2210BFE2900CD3287;
			productRefGroup = A07FD4AC210BFE2900CD3287 /* Products */;
			projectDirPath = "";
			projectRoot = "";
			targets = (
				A07FD4AA210BFE2900CD3287 /* Emoji Party */,
			);
		};
/* End PBXProject section */

/* Begin PBXResourcesBuildPhase section */
		A07FD4A9210BFE2900CD3287 /* Resources */ = {
			isa = PBXResourcesBuildPhase;
			buildActionMask = 2147483647;
			files = (
				A07FD4B9210BFE2C00CD3287 /* LaunchScreen.storyboard in Resources */,
				A07FD4B6210BFE2C00CD3287 /* Assets.xcassets in Resources */,
				A07FD4B4210BFE2900CD3287 /* Main.storyboard in Resources */,
			);
			runOnlyForDeploymentPostprocessing = 0;
		};
/* End PBXResourcesBuildPhase section */

/* Begin PBXSourcesBuildPhase section */
		A07FD4A7210BFE2900CD3287 /* Sources */ = {
			isa = PBXSourcesBuildPhase;
			buildActionMask = 2147483647;
			files = (
				A07FD4B1210BFE2900CD3287 /* EmojiViewController.swift in Sources */,
				A07FD4C1210C04B200CD3287 /* EmojiCollectionViewCell.swift in Sources */,
				A07FD4AF210BFE2900CD3287 /* AppDelegate.swift in Sources */,
			);
			runOnlyForDeploymentPostprocessing = 0;
		};
/* End PBXSourcesBuildPhase section */

/* Begin PBXVariantGroup section */
		A07FD4B2210BFE2900CD3287 /* Main.storyboard */ = {
			isa = PBXVariantGroup;
			children = (
				A07FD4B3210BFE2900CD3287 /* Base */,
			);
			name = Main.storyboard;
			sourceTree = "<group>";
		};
		A07FD4B7210BFE2C00CD3287 /* LaunchScreen.storyboard */ = {
			isa = PBXVariantGroup;
			children = (
				A07FD4B8210BFE2C00CD3287 /* Base */,
			);
			name = LaunchScreen.storyboard;
			sourceTree = "<group>";
		};
/* End PBXVariantGroup section */

/* Begin XCBuildConfiguration section */
		A07FD4BB210BFE2C00CD3287 /* Debug */ = {
			isa = XCBuildConfiguration;
			buildSettings = {
				ALWAYS_SEARCH_USER_PATHS = NO;
				CLANG_ANALYZER_NONNULL = YES;
				CLANG_ANALYZER_NUMBER_OBJECT_CONVERSION = YES_AGGRESSIVE;
				CLANG_CXX_LANGUAGE_STANDARD = "gnu++14";
				CLANG_CXX_LIBRARY = "libc++";
				CLANG_ENABLE_MODULES = YES;
				CLANG_ENABLE_OBJC_ARC = YES;
				CLANG_ENABLE_OBJC_WEAK = YES;
				CLANG_WARN_BLOCK_CAPTURE_AUTORELEASING = YES;
				CLANG_WARN_BOOL_CONVERSION = YES;
				CLANG_WARN_COMMA = YES;
				CLANG_WARN_CONSTANT_CONVERSION = YES;
				CLANG_WARN_DEPRECATED_OBJC_IMPLEMENTATIONS = YES;
				CLANG_WARN_DIRECT_OBJC_ISA_USAGE = YES_ERROR;
				CLANG_WARN_DOCUMENTATION_COMMENTS = YES;
				CLANG_WARN_EMPTY_BODY = YES;
				CLANG_WARN_ENUM_CONVERSION = YES;
				CLANG_WARN_INFINITE_RECURSION = YES;
				CLANG_WARN_INT_CONVERSION = YES;
				CLANG_WARN_NON_LITERAL_NULL_CONVERSION = YES;
				CLANG_WARN_OBJC_IMPLICIT_RETAIN_SELF = YES;
				CLANG_WARN_OBJC_LITERAL_CONVERSION = YES;
				CLANG_WARN_OBJC_ROOT_CLASS = YES_ERROR;
				CLANG_WARN_RANGE_LOOP_ANALYSIS = YES;
				CLANG_WARN_STRICT_PROTOTYPES = YES;
				CLANG_WARN_SUSPICIOUS_MOVE = YES;
				CLANG_WARN_UNGUARDED_AVAILABILITY = YES_AGGRESSIVE;
				CLANG_WARN_UNREACHABLE_CODE = YES;
				CLANG_WARN__DUPLICATE_METHOD_MATCH = YES;
				CODE_SIGN_IDENTITY = "iPhone Developer";
				COPY_PHASE_STRIP = NO;
				DEBUG_INFORMATION_FORMAT = dwarf;
				ENABLE_STRICT_OBJC_MSGSEND = YES;
				ENABLE_TESTABILITY = YES;
				GCC_C_LANGUAGE_STANDARD = gnu11;
				GCC_DYNAMIC_NO_PIC = NO;
				GCC_NO_COMMON_BLOCKS = YES;
				GCC_OPTIMIZATION_LEVEL = 0;
				GCC_PREPROCESSOR_DEFINITIONS = (
					"DEBUG=1",
					"$(inherited)",
				);
				GCC_WARN_64_TO_32_BIT_CONVERSION = YES;
				GCC_WARN_ABOUT_RETURN_TYPE = YES_ERROR;
				GCC_WARN_UNDECLARED_SELECTOR = YES;
				GCC_WARN_UNINITIALIZED_AUTOS = YES_AGGRESSIVE;
				GCC_WARN_UNUSED_FUNCTION = YES;
				GCC_WARN_UNUSED_VARIABLE = YES;
				IPHONEOS_DEPLOYMENT_TARGET = 12.0;
				MTL_ENABLE_DEBUG_INFO = INCLUDE_SOURCE;
				MTL_FAST_MATH = YES;
				ONLY_ACTIVE_ARCH = YES;
				SDKROOT = iphoneos;
				SWIFT_ACTIVE_COMPILATION_CONDITIONS = DEBUG;
				SWIFT_OPTIMIZATION_LEVEL = "-Onone";
			};
			name = Debug;
		};
		A07FD4BC210BFE2C00CD3287 /* Release */ = {
			isa = XCBuildConfiguration;
			buildSettings = {
				ALWAYS_SEARCH_USER_PATHS = NO;
				CLANG_ANALYZER_NONNULL = YES;
				CLANG_ANALYZER_NUMBER_OBJECT_CONVERSION = YES_AGGRESSIVE;
				CLANG_CXX_LANGUAGE_STANDARD = "gnu++14";
				CLANG_CXX_LIBRARY = "libc++";
				CLANG_ENABLE_MODULES = YES;
				CLANG_ENABLE_OBJC_ARC = YES;
				CLANG_ENABLE_OBJC_WEAK = YES;
				CLANG_WARN_BLOCK_CAPTURE_AUTORELEASING = YES;
				CLANG_WARN_BOOL_CONVERSION = YES;
				CLANG_WARN_COMMA = YES;
				CLANG_WARN_CONSTANT_CONVERSION = YES;
				CLANG_WARN_DEPRECATED_OBJC_IMPLEMENTATIONS = YES;
				CLANG_WARN_DIRECT_OBJC_ISA_USAGE = YES_ERROR;
				CLANG_WARN_DOCUMENTATION_COMMENTS = YES;
				CLANG_WARN_EMPTY_BODY = YES;
				CLANG_WARN_ENUM_CONVERSION = YES;
				CLANG_WARN_INFINITE_RECURSION = YES;
				CLANG_WARN_INT_CONVERSION = YES;
				CLANG_WARN_NON_LITERAL_NULL_CONVERSION = YES;
				CLANG_WARN_OBJC_IMPLICIT_RETAIN_SELF = YES;
				CLANG_WARN_OBJC_LITERAL_CONVERSION = YES;
				CLANG_WARN_OBJC_ROOT_CLASS = YES_ERROR;
				CLANG_WARN_RANGE_LOOP_ANALYSIS = YES;
				CLANG_WARN_STRICT_PROTOTYPES = YES;
				CLANG_WARN_SUSPICIOUS_MOVE = YES;
				CLANG_WARN_UNGUARDED_AVAILABILITY = YES_AGGRESSIVE;
				CLANG_WARN_UNREACHABLE_CODE = YES;
				CLANG_WARN__DUPLICATE_METHOD_MATCH = YES;
				CODE_SIGN_IDENTITY = "iPhone Developer";
				COPY_PHASE_STRIP = NO;
				DEBUG_INFORMATION_FORMAT = "dwarf-with-dsym";
				ENABLE_NS_ASSERTIONS = NO;
				ENABLE_STRICT_OBJC_MSGSEND = YES;
				GCC_C_LANGUAGE_STANDARD = gnu11;
				GCC_NO_COMMON_BLOCKS = YES;
				GCC_WARN_64_TO_32_BIT_CONVERSION = YES;
				GCC_WARN_ABOUT_RETURN_TYPE = YES_ERROR;
				GCC_WARN_UNDECLARED_SELECTOR = YES;
				GCC_WARN_UNINITIALIZED_AUTOS = YES_AGGRESSIVE;
				GCC_WARN_UNUSED_FUNCTION = YES;
				GCC_WARN_UNUSED_VARIABLE = YES;
				IPHONEOS_DEPLOYMENT_TARGET = 12.0;
				MTL_ENABLE_DEBUG_INFO = NO;
				MTL_FAST_MATH = YES;
				SDKROOT = iphoneos;
				SWIFT_COMPILATION_MODE = wholemodule;
				SWIFT_OPTIMIZATION_LEVEL = "-O";
				VALIDATE_PRODUCT = YES;
			};
			name = Release;
		};
		A07FD4BE210BFE2C00CD3287 /* Debug */ = {
			isa = XCBuildConfiguration;
			buildSettings = {
				ASSETCATALOG_COMPILER_APPICON_NAME = AppIcon;
				CODE_SIGN_STYLE = Automatic;
				DEVELOPMENT_TEAM = ML924Q8DT5;
				INFOPLIST_FILE = "Emoji Party/Info.plist";
				LD_RUNPATH_SEARCH_PATHS = (
					"$(inherited)",
					"@executable_path/Frameworks",
				);
				PRODUCT_BUNDLE_IDENTIFIER = "com.thinkerpal.Emoji-Party";
				PRODUCT_NAME = "$(TARGET_NAME)";
				SWIFT_VERSION = 4.2;
				TARGETED_DEVICE_FAMILY = "1,2";
			};
			name = Debug;
		};
		A07FD4BF210BFE2C00CD3287 /* Release */ = {
			isa = XCBuildConfiguration;
			buildSettings = {
				ASSETCATALOG_COMPILER_APPICON_NAME = AppIcon;
				CODE_SIGN_STYLE = Automatic;
				DEVELOPMENT_TEAM = ML924Q8DT5;
				INFOPLIST_FILE = "Emoji Party/Info.plist";
				LD_RUNPATH_SEARCH_PATHS = (
					"$(inherited)",
					"@executable_path/Frameworks",
				);
				PRODUCT_BUNDLE_IDENTIFIER = "com.thinkerpal.Emoji-Party";
				PRODUCT_NAME = "$(TARGET_NAME)";
				SWIFT_VERSION = 4.2;
				TARGETED_DEVICE_FAMILY = "1,2";
			};
			name = Release;
		};
/* End XCBuildConfiguration section */

/* Begin XCConfigurationList section */
		A07FD4A6210BFE2900CD3287 /* Build configuration list for PBXProject "Emoji Party" */ = {
			isa = XCConfigurationList;
			buildConfigurations = (
				A07FD4BB210BFE2C00CD3287 /* Debug */,
				A07FD4BC210BFE2C00CD3287 /* Release */,
			);
			defaultConfigurationIsVisible = 0;
			defaultConfigurationName = Release;
		};
		A07FD4BD210BFE2C00CD3287 /* Build configuration list for PBXNativeTarget "Emoji Party" */ = {
			isa = XCConfigurationList;
			buildConfigurations = (
				A07FD4BE210BFE2C00CD3287 /* Debug */,
				A07FD4BF210BFE2C00CD3287 /* Release */,
			);
			defaultConfigurationIsVisible = 0;
			defaultConfigurationName = Release;
		};
/* End XCConfigurationList section */
	};
	rootObject = A07FD4A3210BFE2900CD3287 /* Project object */;
}
